
Microsoft Visual Studio Solution File, Format Version 12.00
# Visual Studio Version 17
VisualStudioVersion = 17.0.31903.59
MinimumVisualStudioVersion = 10.0.40219.1
Project("{FAE04EC0-301F-11D3-BF4B-00C04F79EFBC}") = "Pangolivia.Tests", "Pangolivia.Tests\Pangolivia.Tests.csproj", "{16138ACA-DBC4-4924-9A43-6BCF8C9F0386}"
EndProject
Project("{FAE04EC0-301F-11D3-BF4B-00C04F79EFBC}") = "Pangolivia.API", "Pangolivia.API\Pangolivia.API.csproj", "{14EB6CB6-B33A-43CA-86F1-5A66B689688E}"
EndProject
Global
	GlobalSection(SolutionConfigurationPlatforms) = preSolution
		Debug|Any CPU = Debug|Any CPU
		Debug|x64 = Debug|x64
		Debug|x86 = Debug|x86
		Release|Any CPU = Release|Any CPU
		Release|x64 = Release|x64
		Release|x86 = Release|x86
	EndGlobalSection
	GlobalSection(ProjectConfigurationPlatforms) = postSolution
		{16138ACA-DBC4-4924-9A43-6BCF8C9F0386}.Debug|Any CPU.ActiveCfg = Debug|Any CPU
		{16138ACA-DBC4-4924-9A43-6BCF8C9F0386}.Debug|Any CPU.Build.0 = Debug|Any CPU
		{16138ACA-DBC4-4924-9A43-6BCF8C9F0386}.Debug|x64.ActiveCfg = Debug|Any CPU
		{16138ACA-DBC4-4924-9A43-6BCF8C9F0386}.Debug|x64.Build.0 = Debug|Any CPU
		{16138ACA-DBC4-4924-9A43-6BCF8C9F0386}.Debug|x86.ActiveCfg = Debug|Any CPU
		{16138ACA-DBC4-4924-9A43-6BCF8C9F0386}.Debug|x86.Build.0 = Debug|Any CPU
		{16138ACA-DBC4-4924-9A43-6BCF8C9F0386}.Release|Any CPU.ActiveCfg = Release|Any CPU
		{16138ACA-DBC4-4924-9A43-6BCF8C9F0386}.Release|Any CPU.Build.0 = Release|Any CPU
		{16138ACA-DBC4-4924-9A43-6BCF8C9F0386}.Release|x64.ActiveCfg = Release|Any CPU
		{16138ACA-DBC4-4924-9A43-6BCF8C9F0386}.Release|x64.Build.0 = Release|Any CPU
		{16138ACA-DBC4-4924-9A43-6BCF8C9F0386}.Release|x86.ActiveCfg = Release|Any CPU
		{16138ACA-DBC4-4924-9A43-6BCF8C9F0386}.Release|x86.Build.0 = Release|Any CPU
		{14EB6CB6-B33A-43CA-86F1-5A66B689688E}.Debug|Any CPU.ActiveCfg = Debug|Any CPU
		{14EB6CB6-B33A-43CA-86F1-5A66B689688E}.Debug|Any CPU.Build.0 = Debug|Any CPU
		{14EB6CB6-B33A-43CA-86F1-5A66B689688E}.Debug|x64.ActiveCfg = Debug|Any CPU
		{14EB6CB6-B33A-43CA-86F1-5A66B689688E}.Debug|x64.Build.0 = Debug|Any CPU
		{14EB6CB6-B33A-43CA-86F1-5A66B689688E}.Debug|x86.ActiveCfg = Debug|Any CPU
		{14EB6CB6-B33A-43CA-86F1-5A66B689688E}.Debug|x86.Build.0 = Debug|Any CPU
		{14EB6CB6-B33A-43CA-86F1-5A66B689688E}.Release|Any CPU.ActiveCfg = Release|Any CPU
		{14EB6CB6-B33A-43CA-86F1-5A66B689688E}.Release|Any CPU.Build.0 = Release|Any CPU
		{14EB6CB6-B33A-43CA-86F1-5A66B689688E}.Release|x64.ActiveCfg = Release|Any CPU
		{14EB6CB6-B33A-43CA-86F1-5A66B689688E}.Release|x64.Build.0 = Release|Any CPU
		{14EB6CB6-B33A-43CA-86F1-5A66B689688E}.Release|x86.ActiveCfg = Release|Any CPU
		{14EB6CB6-B33A-43CA-86F1-5A66B689688E}.Release|x86.Build.0 = Release|Any CPU
	EndGlobalSection
	GlobalSection(SolutionProperties) = preSolution
		HideSolutionNode = FALSE
	EndGlobalSection
EndGlobal
