
Microsoft Visual Studio Solution File, Format Version 12.00
# Visual Studio Version 17
VisualStudioVersion = 17.0.31903.59
MinimumVisualStudioVersion = 10.0.40219.1
Project("{FAE04EC0-301F-11D3-BF4B-00C04F79EFBC}") = "Pangolivia.API", "Pangolivia.API\Pangolivia.API.csproj", "{69236788-96F2-45F6-80E3-863E38C79D30}"
EndProject
Project("{FAE04EC0-301F-11D3-BF4B-00C04F79EFBC}") = "Pangolivia.Tests", "Pangolivia.Tests\Pangolivia.Tests.csproj", "{7DB97E71-72CA-43C8-8D99-A254897B9E46}"
EndProject
Global
	GlobalSection(SolutionConfigurationPlatforms) = preSolution
		Debug|Any CPU = Debug|Any CPU
		Debug|x64 = Debug|x64
		Debug|x86 = Debug|x86
		Release|Any CPU = Release|Any CPU
		Release|x64 = Release|x64
		Release|x86 = Release|x86
	EndGlobalSection
	GlobalSection(ProjectConfigurationPlatforms) = postSolution
		{69236788-96F2-45F6-80E3-863E38C79D30}.Debug|Any CPU.ActiveCfg = Debug|Any CPU
		{69236788-96F2-45F6-80E3-863E38C79D30}.Debug|Any CPU.Build.0 = Debug|Any CPU
		{69236788-96F2-45F6-80E3-863E38C79D30}.Debug|x64.ActiveCfg = Debug|Any CPU
		{69236788-96F2-45F6-80E3-863E38C79D30}.Debug|x64.Build.0 = Debug|Any CPU
		{69236788-96F2-45F6-80E3-863E38C79D30}.Debug|x86.ActiveCfg = Debug|Any CPU
		{69236788-96F2-45F6-80E3-863E38C79D30}.Debug|x86.Build.0 = Debug|Any CPU
		{69236788-96F2-45F6-80E3-863E38C79D30}.Release|Any CPU.ActiveCfg = Release|Any CPU
		{69236788-96F2-45F6-80E3-863E38C79D30}.Release|Any CPU.Build.0 = Release|Any CPU
		{69236788-96F2-45F6-80E3-863E38C79D30}.Release|x64.ActiveCfg = Release|Any CPU
		{69236788-96F2-45F6-80E3-863E38C79D30}.Release|x64.Build.0 = Release|Any CPU
		{69236788-96F2-45F6-80E3-863E38C79D30}.Release|x86.ActiveCfg = Release|Any CPU
		{69236788-96F2-45F6-80E3-863E38C79D30}.Release|x86.Build.0 = Release|Any CPU
		{7DB97E71-72CA-43C8-8D99-A254897B9E46}.Debug|Any CPU.ActiveCfg = Debug|Any CPU
		{7DB97E71-72CA-43C8-8D99-A254897B9E46}.Debug|Any CPU.Build.0 = Debug|Any CPU
		{7DB97E71-72CA-43C8-8D99-A254897B9E46}.Debug|x64.ActiveCfg = Debug|Any CPU
		{7DB97E71-72CA-43C8-8D99-A254897B9E46}.Debug|x64.Build.0 = Debug|Any CPU
		{7DB97E71-72CA-43C8-8D99-A254897B9E46}.Debug|x86.ActiveCfg = Debug|Any CPU
		{7DB97E71-72CA-43C8-8D99-A254897B9E46}.Debug|x86.Build.0 = Debug|Any CPU
		{7DB97E71-72CA-43C8-8D99-A254897B9E46}.Release|Any CPU.ActiveCfg = Release|Any CPU
		{7DB97E71-72CA-43C8-8D99-A254897B9E46}.Release|Any CPU.Build.0 = Release|Any CPU
		{7DB97E71-72CA-43C8-8D99-A254897B9E46}.Release|x64.ActiveCfg = Release|Any CPU
		{7DB97E71-72CA-43C8-8D99-A254897B9E46}.Release|x64.Build.0 = Release|Any CPU
		{7DB97E71-72CA-43C8-8D99-A254897B9E46}.Release|x86.ActiveCfg = Release|Any CPU
		{7DB97E71-72CA-43C8-8D99-A254897B9E46}.Release|x86.Build.0 = Release|Any CPU
	EndGlobalSection
	GlobalSection(SolutionProperties) = preSolution
		HideSolutionNode = FALSE
	EndGlobalSection
EndGlobal
